{
  "version": 4,
  "terraform_version": "1.0.8",
  "serial": 3,
  "lineage": "0ae5f291-2e47-4ea8-bb6e-ec95a97139b5",
  "outputs": {},
  "resources": [
    {
      "mode": "managed",
      "type": "aws_vpc",
      "name": "main",
      "provider": "provider[\"registry.terraform.io/hashicorp/aws\"]",
      "instances": [
        {
          "schema_version": 1,
          "attributes": {
            "arn": "arn:aws:ec2:eu-west-3:384543527682:vpc/vpc-0b1fb6654e75ffd54",
            "assign_generated_ipv6_cidr_block": false,
            "cidr_block": "172.16.0.0/16",
            "default_network_acl_id": "acl-03b363339b7f71ccb",
            "default_route_table_id": "rtb-09cb6f65997f33a00",
            "default_security_group_id": "sg-0b4fdaad7e7dfc55e",
            "dhcp_options_id": "dopt-0703a30ad5ffac683",
            "enable_classiclink": false,
            "enable_classiclink_dns_support": false,
            "enable_dns_hostnames": true,
            "enable_dns_support": true,
            "id": "vpc-0b1fb6654e75ffd54",
            "instance_tenancy": "default",
            "ipv6_association_id": "",
            "ipv6_cidr_block": "",
            "main_route_table_id": "rtb-09cb6f65997f33a00",
            "owner_id": "384543527682",
            "tags": null,
            "tags_all": {}
          },
          "sensitive_attributes": [],
          "private": "eyJzY2hlbWFfdmVyc2lvbiI6IjEifQ=="
        }
      ]
    }
  ]
}
